
Microsoft Visual Studio Solution File, Format Version 12.00
# Visual Studio Version 16
VisualStudioVersion = 16.0.30907.101
MinimumVisualStudioVersion = 10.0.40219.1
Project("{FAE04EC0-301F-11D3-BF4B-00C04F79EFBC}") = "CountApplication", "CountApplication.csproj", "{B0BF4CE1-6124-49CB-B028-003D41862F1A}"
EndProject
Global
	GlobalSection(SolutionConfigurationPlatforms) = preSolution
		Debug|Any CPU = Debug|Any CPU
		Release|Any CPU = Release|Any CPU
	EndGlobalSection
	GlobalSection(ProjectConfigurationPlatforms) = postSolution
		{B0BF4CE1-6124-49CB-B028-003D41862F1A}.Debug|Any CPU.ActiveCfg = Debug|Any CPU
		{B0BF4CE1-6124-49CB-B028-003D41862F1A}.Debug|Any CPU.Build.0 = Debug|Any CPU
		{B0BF4CE1-6124-49CB-B028-003D41862F1A}.Release|Any CPU.ActiveCfg = Release|Any CPU
		{B0BF4CE1-6124-49CB-B028-003D41862F1A}.Release|Any CPU.Build.0 = Release|Any CPU
	EndGlobalSection
	GlobalSection(SolutionProperties) = preSolution
		HideSolutionNode = FALSE
	EndGlobalSection
	GlobalSection(ExtensibilityGlobals) = postSolution
		SolutionGuid = {27775D81-46CC-4429-9593-843CD4404EBD}
	EndGlobalSection
EndGlobal
